// !$*UTF8*$!
{
	archiveVersion = 1;
	classes = {
	};
	objectVersion = 55;
	objects = {

/* Begin PBXBuildFile section */
		4F2809A428B3C938007E734D /* CatDexApp.swift in Sources */ = {isa = PBXBuildFile; fileRef = 4F2809A328B3C938007E734D /* CatDexApp.swift */; };
		4F2809A628B3C938007E734D /* ContentView.swift in Sources */ = {isa = PBXBuildFile; fileRef = 4F2809A528B3C938007E734D /* ContentView.swift */; };
		4F2809A828B3C93C007E734D /* Assets.xcassets in Resources */ = {isa = PBXBuildFile; fileRef = 4F2809A728B3C93C007E734D /* Assets.xcassets */; };
		4F2809AB28B3C93C007E734D /* Preview Assets.xcassets in Resources */ = {isa = PBXBuildFile; fileRef = 4F2809AA28B3C93C007E734D /* Preview Assets.xcassets */; };
		4F2809B528B3C93C007E734D /* CatDexTests.swift in Sources */ = {isa = PBXBuildFile; fileRef = 4F2809B428B3C93C007E734D /* CatDexTests.swift */; };
		4F2809BF28B3C93C007E734D /* CatDexUITests.swift in Sources */ = {isa = PBXBuildFile; fileRef = 4F2809BE28B3C93C007E734D /* CatDexUITests.swift */; };
		4F2809C128B3C93C007E734D /* CatDexUITestsLaunchTests.swift in Sources */ = {isa = PBXBuildFile; fileRef = 4F2809C028B3C93C007E734D /* CatDexUITestsLaunchTests.swift */; };
		DD43DD9F28B4F9E9000ABC71 /* MainUIView.swift in Sources */ = {isa = PBXBuildFile; fileRef = DD43DD9E28B4F9E9000ABC71 /* MainUIView.swift */; };
		DD43DDA228B4FA40000ABC71 /* CardUIView.swift in Sources */ = {isa = PBXBuildFile; fileRef = DD43DDA128B4FA40000ABC71 /* CardUIView.swift */; };
		DD43DDA428B4FA6C000ABC71 /* CatsModel.swift in Sources */ = {isa = PBXBuildFile; fileRef = DD43DDA328B4FA6C000ABC71 /* CatsModel.swift */; };
		DD43DDA628B4FA7E000ABC71 /* catAPI.swift in Sources */ = {isa = PBXBuildFile; fileRef = DD43DDA528B4FA7E000ABC71 /* catAPI.swift */; };
		DD43DDA828B4FA90000ABC71 /* MainViewController.swift in Sources */ = {isa = PBXBuildFile; fileRef = DD43DDA728B4FA90000ABC71 /* MainViewController.swift */; };
		DD43DDAA28B4FAAD000ABC71 /* Extension.swift in Sources */ = {isa = PBXBuildFile; fileRef = DD43DDA928B4FAAD000ABC71 /* Extension.swift */; };
/* End PBXBuildFile section */

/* Begin PBXContainerItemProxy section */
		4F2809B128B3C93C007E734D /* PBXContainerItemProxy */ = {
			isa = PBXContainerItemProxy;
			containerPortal = 4F28099828B3C938007E734D /* Project object */;
			proxyType = 1;
			remoteGlobalIDString = 4F28099F28B3C938007E734D;
			remoteInfo = CatDex;
		};
		4F2809BB28B3C93C007E734D /* PBXContainerItemProxy */ = {
			isa = PBXContainerItemProxy;
			containerPortal = 4F28099828B3C938007E734D /* Project object */;
			proxyType = 1;
			remoteGlobalIDString = 4F28099F28B3C938007E734D;
			remoteInfo = CatDex;
		};
/* End PBXContainerItemProxy section */

/* Begin PBXFileReference section */
		4F2809A028B3C938007E734D /* CatDex.app */ = {isa = PBXFileReference; explicitFileType = wrapper.application; includeInIndex = 0; path = CatDex.app; sourceTree = BUILT_PRODUCTS_DIR; };
		4F2809A328B3C938007E734D /* CatDexApp.swift */ = {isa = PBXFileReference; lastKnownFileType = sourcecode.swift; path = CatDexApp.swift; sourceTree = "<group>"; };
		4F2809A528B3C938007E734D /* ContentView.swift */ = {isa = PBXFileReference; lastKnownFileType = sourcecode.swift; path = ContentView.swift; sourceTree = "<group>"; };
		4F2809A728B3C93C007E734D /* Assets.xcassets */ = {isa = PBXFileReference; lastKnownFileType = folder.assetcatalog; path = Assets.xcassets; sourceTree = "<group>"; };
		4F2809AA28B3C93C007E734D /* Preview Assets.xcassets */ = {isa = PBXFileReference; lastKnownFileType = folder.assetcatalog; path = "Preview Assets.xcassets"; sourceTree = "<group>"; };
		4F2809B028B3C93C007E734D /* CatDexTests.xctest */ = {isa = PBXFileReference; explicitFileType = wrapper.cfbundle; includeInIndex = 0; path = CatDexTests.xctest; sourceTree = BUILT_PRODUCTS_DIR; };
		4F2809B428B3C93C007E734D /* CatDexTests.swift */ = {isa = PBXFileReference; lastKnownFileType = sourcecode.swift; path = CatDexTests.swift; sourceTree = "<group>"; };
		4F2809BA28B3C93C007E734D /* CatDexUITests.xctest */ = {isa = PBXFileReference; explicitFileType = wrapper.cfbundle; includeInIndex = 0; path = CatDexUITests.xctest; sourceTree = BUILT_PRODUCTS_DIR; };
		4F2809BE28B3C93C007E734D /* CatDexUITests.swift */ = {isa = PBXFileReference; lastKnownFileType = sourcecode.swift; path = CatDexUITests.swift; sourceTree = "<group>"; };
		4F2809C028B3C93C007E734D /* CatDexUITestsLaunchTests.swift */ = {isa = PBXFileReference; lastKnownFileType = sourcecode.swift; path = CatDexUITestsLaunchTests.swift; sourceTree = "<group>"; };
		DD43DD9E28B4F9E9000ABC71 /* MainUIView.swift */ = {isa = PBXFileReference; lastKnownFileType = sourcecode.swift; path = MainUIView.swift; sourceTree = "<group>"; };
		DD43DDA128B4FA40000ABC71 /* CardUIView.swift */ = {isa = PBXFileReference; lastKnownFileType = sourcecode.swift; path = CardUIView.swift; sourceTree = "<group>"; };
		DD43DDA328B4FA6C000ABC71 /* CatsModel.swift */ = {isa = PBXFileReference; lastKnownFileType = sourcecode.swift; path = CatsModel.swift; sourceTree = "<group>"; };
		DD43DDA528B4FA7E000ABC71 /* catAPI.swift */ = {isa = PBXFileReference; lastKnownFileType = sourcecode.swift; path = catAPI.swift; sourceTree = "<group>"; };
		DD43DDA728B4FA90000ABC71 /* MainViewController.swift */ = {isa = PBXFileReference; lastKnownFileType = sourcecode.swift; path = MainViewController.swift; sourceTree = "<group>"; };
		DD43DDA928B4FAAD000ABC71 /* Extension.swift */ = {isa = PBXFileReference; lastKnownFileType = sourcecode.swift; path = Extension.swift; sourceTree = "<group>"; };
/* End PBXFileReference section */

/* Begin PBXFrameworksBuildPhase section */
		4F28099D28B3C938007E734D /* Frameworks */ = {
			isa = PBXFrameworksBuildPhase;
			buildActionMask = 2147483647;
			files = (
			);
			runOnlyForDeploymentPostprocessing = 0;
		};
		4F2809AD28B3C93C007E734D /* Frameworks */ = {
			isa = PBXFrameworksBuildPhase;
			buildActionMask = 2147483647;
			files = (
			);
			runOnlyForDeploymentPostprocessing = 0;
		};
		4F2809B728B3C93C007E734D /* Frameworks */ = {
			isa = PBXFrameworksBuildPhase;
			buildActionMask = 2147483647;
			files = (
			);
			runOnlyForDeploymentPostprocessing = 0;
		};
/* End PBXFrameworksBuildPhase section */

/* Begin PBXGroup section */
		4F28099728B3C938007E734D = {
			isa = PBXGroup;
			children = (
				4F2809A228B3C938007E734D /* CatDex */,
				4F2809B328B3C93C007E734D /* CatDexTests */,
				4F2809BD28B3C93C007E734D /* CatDexUITests */,
				4F2809A128B3C938007E734D /* Products */,
			);
			sourceTree = "<group>";
		};
		4F2809A128B3C938007E734D /* Products */ = {
			isa = PBXGroup;
			children = (
				4F2809A028B3C938007E734D /* CatDex.app */,
				4F2809B028B3C93C007E734D /* CatDexTests.xctest */,
				4F2809BA28B3C93C007E734D /* CatDexUITests.xctest */,
			);
			name = Products;
			sourceTree = "<group>";
		};
		4F2809A228B3C938007E734D /* CatDex */ = {
			isa = PBXGroup;
			children = (
				DD43DD9728B4F956000ABC71 /* View */,
				4F2809A328B3C938007E734D /* CatDexApp.swift */,
				4F2809A528B3C938007E734D /* ContentView.swift */,
				DD43DD9B28B4F985000ABC71 /* Extension */,
				DD43DD9828B4F95D000ABC71 /* Model */,
				DD43DD9928B4F962000ABC71 /* Controller */,
				DD43DD9A28B4F966000ABC71 /* Service */,
				4F2809A728B3C93C007E734D /* Assets.xcassets */,
				4F2809A928B3C93C007E734D /* Preview Content */,
			);
			path = CatDex;
			sourceTree = "<group>";
		};
		4F2809A928B3C93C007E734D /* Preview Content */ = {
			isa = PBXGroup;
			children = (
				4F2809AA28B3C93C007E734D /* Preview Assets.xcassets */,
			);
			path = "Preview Content";
			sourceTree = "<group>";
		};
		4F2809B328B3C93C007E734D /* CatDexTests */ = {
			isa = PBXGroup;
			children = (
				4F2809B428B3C93C007E734D /* CatDexTests.swift */,
			);
			path = CatDexTests;
			sourceTree = "<group>";
		};
		4F2809BD28B3C93C007E734D /* CatDexUITests */ = {
			isa = PBXGroup;
			children = (
				4F2809BE28B3C93C007E734D /* CatDexUITests.swift */,
				4F2809C028B3C93C007E734D /* CatDexUITestsLaunchTests.swift */,
			);
			path = CatDexUITests;
			sourceTree = "<group>";
		};
		DD43DD9728B4F956000ABC71 /* View */ = {
			isa = PBXGroup;
			children = (
				DD43DDA028B4FA2B000ABC71 /* Components */,
				DD43DD9E28B4F9E9000ABC71 /* MainUIView.swift */,
			);
			path = View;
			sourceTree = "<group>";
		};
		DD43DD9828B4F95D000ABC71 /* Model */ = {
			isa = PBXGroup;
			children = (
				DD43DDA328B4FA6C000ABC71 /* CatsModel.swift */,
			);
			path = Model;
			sourceTree = "<group>";
		};
		DD43DD9928B4F962000ABC71 /* Controller */ = {
			isa = PBXGroup;
			children = (
				DD43DDA728B4FA90000ABC71 /* MainViewController.swift */,
			);
			path = Controller;
			sourceTree = "<group>";
		};
		DD43DD9A28B4F966000ABC71 /* Service */ = {
			isa = PBXGroup;
			children = (
				DD43DDA528B4FA7E000ABC71 /* catAPI.swift */,
			);
			path = Service;
			sourceTree = "<group>";
		};
		DD43DD9B28B4F985000ABC71 /* Extension */ = {
			isa = PBXGroup;
			children = (
				DD43DDA928B4FAAD000ABC71 /* Extension.swift */,
			);
			path = Extension;
			sourceTree = "<group>";
		};
		DD43DDA028B4FA2B000ABC71 /* Components */ = {
			isa = PBXGroup;
			children = (
				DD43DDA128B4FA40000ABC71 /* CardUIView.swift */,
			);
			path = Components;
			sourceTree = "<group>";
		};
/* End PBXGroup section */

/* Begin PBXNativeTarget section */
		4F28099F28B3C938007E734D /* CatDex */ = {
			isa = PBXNativeTarget;
			buildConfigurationList = 4F2809C428B3C93C007E734D /* Build configuration list for PBXNativeTarget "CatDex" */;
			buildPhases = (
				4F28099C28B3C938007E734D /* Sources */,
				4F28099D28B3C938007E734D /* Frameworks */,
				4F28099E28B3C938007E734D /* Resources */,
			);
			buildRules = (
			);
			dependencies = (
			);
			name = CatDex;
			productName = CatDex;
			productReference = 4F2809A028B3C938007E734D /* CatDex.app */;
			productType = "com.apple.product-type.application";
		};
		4F2809AF28B3C93C007E734D /* CatDexTests */ = {
			isa = PBXNativeTarget;
			buildConfigurationList = 4F2809C728B3C93C007E734D /* Build configuration list for PBXNativeTarget "CatDexTests" */;
			buildPhases = (
				4F2809AC28B3C93C007E734D /* Sources */,
				4F2809AD28B3C93C007E734D /* Frameworks */,
				4F2809AE28B3C93C007E734D /* Resources */,
			);
			buildRules = (
			);
			dependencies = (
				4F2809B228B3C93C007E734D /* PBXTargetDependency */,
			);
			name = CatDexTests;
			productName = CatDexTests;
			productReference = 4F2809B028B3C93C007E734D /* CatDexTests.xctest */;
			productType = "com.apple.product-type.bundle.unit-test";
		};
		4F2809B928B3C93C007E734D /* CatDexUITests */ = {
			isa = PBXNativeTarget;
			buildConfigurationList = 4F2809CA28B3C93C007E734D /* Build configuration list for PBXNativeTarget "CatDexUITests" */;
			buildPhases = (
				4F2809B628B3C93C007E734D /* Sources */,
				4F2809B728B3C93C007E734D /* Frameworks */,
				4F2809B828B3C93C007E734D /* Resources */,
			);
			buildRules = (
			);
			dependencies = (
				4F2809BC28B3C93C007E734D /* PBXTargetDependency */,
			);
			name = CatDexUITests;
			productName = CatDexUITests;
			productReference = 4F2809BA28B3C93C007E734D /* CatDexUITests.xctest */;
			productType = "com.apple.product-type.bundle.ui-testing";
		};
/* End PBXNativeTarget section */

/* Begin PBXProject section */
		4F28099828B3C938007E734D /* Project object */ = {
			isa = PBXProject;
			attributes = {
				BuildIndependentTargetsInParallel = 1;
				LastSwiftUpdateCheck = 1340;
				LastUpgradeCheck = 1340;
				TargetAttributes = {
					4F28099F28B3C938007E734D = {
						CreatedOnToolsVersion = 13.4.1;
					};
					4F2809AF28B3C93C007E734D = {
						CreatedOnToolsVersion = 13.4.1;
						TestTargetID = 4F28099F28B3C938007E734D;
					};
					4F2809B928B3C93C007E734D = {
						CreatedOnToolsVersion = 13.4.1;
						TestTargetID = 4F28099F28B3C938007E734D;
					};
				};
			};
			buildConfigurationList = 4F28099B28B3C938007E734D /* Build configuration list for PBXProject "CatDex" */;
			compatibilityVersion = "Xcode 13.0";
			developmentRegion = en;
			hasScannedForEncodings = 0;
			knownRegions = (
				en,
				Base,
			);
			mainGroup = 4F28099728B3C938007E734D;
			productRefGroup = 4F2809A128B3C938007E734D /* Products */;
			projectDirPath = "";
			projectRoot = "";
			targets = (
				4F28099F28B3C938007E734D /* CatDex */,
				4F2809AF28B3C93C007E734D /* CatDexTests */,
				4F2809B928B3C93C007E734D /* CatDexUITests */,
			);
		};
/* End PBXProject section */

/* Begin PBXResourcesBuildPhase section */
		4F28099E28B3C938007E734D /* Resources */ = {
			isa = PBXResourcesBuildPhase;
			buildActionMask = 2147483647;
			files = (
				4F2809AB28B3C93C007E734D /* Preview Assets.xcassets in Resources */,
				4F2809A828B3C93C007E734D /* Assets.xcassets in Resources */,
			);
			runOnlyForDeploymentPostprocessing = 0;
		};
		4F2809AE28B3C93C007E734D /* Resources */ = {
			isa = PBXResourcesBuildPhase;
			buildActionMask = 2147483647;
			files = (
			);
			runOnlyForDeploymentPostprocessing = 0;
		};
		4F2809B828B3C93C007E734D /* Resources */ = {
			isa = PBXResourcesBuildPhase;
			buildActionMask = 2147483647;
			files = (
			);
			runOnlyForDeploymentPostprocessing = 0;
		};
/* End PBXResourcesBuildPhase section */

/* Begin PBXSourcesBuildPhase section */
		4F28099C28B3C938007E734D /* Sources */ = {
			isa = PBXSourcesBuildPhase;
			buildActionMask = 2147483647;
			files = (
				DD43DDA828B4FA90000ABC71 /* MainViewController.swift in Sources */,
				4F2809A628B3C938007E734D /* ContentView.swift in Sources */,
				4F2809A428B3C938007E734D /* CatDexApp.swift in Sources */,
				DD43DDA428B4FA6C000ABC71 /* CatsModel.swift in Sources */,
				DD43DDA228B4FA40000ABC71 /* CardUIView.swift in Sources */,
				DD43DDA628B4FA7E000ABC71 /* catAPI.swift in Sources */,
				DD43DD9F28B4F9E9000ABC71 /* MainUIView.swift in Sources */,
				DD43DDAA28B4FAAD000ABC71 /* Extension.swift in Sources */,
			);
			runOnlyForDeploymentPostprocessing = 0;
		};
		4F2809AC28B3C93C007E734D /* Sources */ = {
			isa = PBXSourcesBuildPhase;
			buildActionMask = 2147483647;
			files = (
				4F2809B528B3C93C007E734D /* CatDexTests.swift in Sources */,
			);
			runOnlyForDeploymentPostprocessing = 0;
		};
		4F2809B628B3C93C007E734D /* Sources */ = {
			isa = PBXSourcesBuildPhase;
			buildActionMask = 2147483647;
			files = (
				4F2809BF28B3C93C007E734D /* CatDexUITests.swift in Sources */,
				4F2809C128B3C93C007E734D /* CatDexUITestsLaunchTests.swift in Sources */,
			);
			runOnlyForDeploymentPostprocessing = 0;
		};
/* End PBXSourcesBuildPhase section */

/* Begin PBXTargetDependency section */
		4F2809B228B3C93C007E734D /* PBXTargetDependency */ = {
			isa = PBXTargetDependency;
			target = 4F28099F28B3C938007E734D /* CatDex */;
			targetProxy = 4F2809B128B3C93C007E734D /* PBXContainerItemProxy */;
		};
		4F2809BC28B3C93C007E734D /* PBXTargetDependency */ = {
			isa = PBXTargetDependency;
			target = 4F28099F28B3C938007E734D /* CatDex */;
			targetProxy = 4F2809BB28B3C93C007E734D /* PBXContainerItemProxy */;
		};
/* End PBXTargetDependency section */

/* Begin XCBuildConfiguration section */
		4F2809C228B3C93C007E734D /* Debug */ = {
			isa = XCBuildConfiguration;
			buildSettings = {
				ALWAYS_SEARCH_USER_PATHS = NO;
				CLANG_ANALYZER_NONNULL = YES;
				CLANG_ANALYZER_NUMBER_OBJECT_CONVERSION = YES_AGGRESSIVE;
				CLANG_CXX_LANGUAGE_STANDARD = "gnu++17";
				CLANG_ENABLE_MODULES = YES;
				CLANG_ENABLE_OBJC_ARC = YES;
				CLANG_ENABLE_OBJC_WEAK = YES;
				CLANG_WARN_BLOCK_CAPTURE_AUTORELEASING = YES;
				CLANG_WARN_BOOL_CONVERSION = YES;
				CLANG_WARN_COMMA = YES;
				CLANG_WARN_CONSTANT_CONVERSION = YES;
				CLANG_WARN_DEPRECATED_OBJC_IMPLEMENTATIONS = YES;
				CLANG_WARN_DIRECT_OBJC_ISA_USAGE = YES_ERROR;
				CLANG_WARN_DOCUMENTATION_COMMENTS = YES;
				CLANG_WARN_EMPTY_BODY = YES;
				CLANG_WARN_ENUM_CONVERSION = YES;
				CLANG_WARN_INFINITE_RECURSION = YES;
				CLANG_WARN_INT_CONVERSION = YES;
				CLANG_WARN_NON_LITERAL_NULL_CONVERSION = YES;
				CLANG_WARN_OBJC_IMPLICIT_RETAIN_SELF = YES;
				CLANG_WARN_OBJC_LITERAL_CONVERSION = YES;
				CLANG_WARN_OBJC_ROOT_CLASS = YES_ERROR;
				CLANG_WARN_QUOTED_INCLUDE_IN_FRAMEWORK_HEADER = YES;
				CLANG_WARN_RANGE_LOOP_ANALYSIS = YES;
				CLANG_WARN_STRICT_PROTOTYPES = YES;
				CLANG_WARN_SUSPICIOUS_MOVE = YES;
				CLANG_WARN_UNGUARDED_AVAILABILITY = YES_AGGRESSIVE;
				CLANG_WARN_UNREACHABLE_CODE = YES;
				CLANG_WARN__DUPLICATE_METHOD_MATCH = YES;
				COPY_PHASE_STRIP = NO;
				DEBUG_INFORMATION_FORMAT = dwarf;
				ENABLE_STRICT_OBJC_MSGSEND = YES;
				ENABLE_TESTABILITY = YES;
				GCC_C_LANGUAGE_STANDARD = gnu11;
				GCC_DYNAMIC_NO_PIC = NO;
				GCC_NO_COMMON_BLOCKS = YES;
				GCC_OPTIMIZATION_LEVEL = 0;
				GCC_PREPROCESSOR_DEFINITIONS = (
					"DEBUG=1",
					"$(inherited)",
				);
				GCC_WARN_64_TO_32_BIT_CONVERSION = YES;
				GCC_WARN_ABOUT_RETURN_TYPE = YES_ERROR;
				GCC_WARN_UNDECLARED_SELECTOR = YES;
				GCC_WARN_UNINITIALIZED_AUTOS = YES_AGGRESSIVE;
				GCC_WARN_UNUSED_FUNCTION = YES;
				GCC_WARN_UNUSED_VARIABLE = YES;
				IPHONEOS_DEPLOYMENT_TARGET = 15.5;
				MTL_ENABLE_DEBUG_INFO = INCLUDE_SOURCE;
				MTL_FAST_MATH = YES;
				ONLY_ACTIVE_ARCH = YES;
				SDKROOT = iphoneos;
				SWIFT_ACTIVE_COMPILATION_CONDITIONS = DEBUG;
				SWIFT_OPTIMIZATION_LEVEL = "-Onone";
			};
			name = Debug;
		};
		4F2809C328B3C93C007E734D /* Release */ = {
			isa = XCBuildConfiguration;
			buildSettings = {
				ALWAYS_SEARCH_USER_PATHS = NO;
				CLANG_ANALYZER_NONNULL = YES;
				CLANG_ANALYZER_NUMBER_OBJECT_CONVERSION = YES_AGGRESSIVE;
				CLANG_CXX_LANGUAGE_STANDARD = "gnu++17";
				CLANG_ENABLE_MODULES = YES;
				CLANG_ENABLE_OBJC_ARC = YES;
				CLANG_ENABLE_OBJC_WEAK = YES;
				CLANG_WARN_BLOCK_CAPTURE_AUTORELEASING = YES;
				CLANG_WARN_BOOL_CONVERSION = YES;
				CLANG_WARN_COMMA = YES;
				CLANG_WARN_CONSTANT_CONVERSION = YES;
				CLANG_WARN_DEPRECATED_OBJC_IMPLEMENTATIONS = YES;
				CLANG_WARN_DIRECT_OBJC_ISA_USAGE = YES_ERROR;
				CLANG_WARN_DOCUMENTATION_COMMENTS = YES;
				CLANG_WARN_EMPTY_BODY = YES;
				CLANG_WARN_ENUM_CONVERSION = YES;
				CLANG_WARN_INFINITE_RECURSION = YES;
				CLANG_WARN_INT_CONVERSION = YES;
				CLANG_WARN_NON_LITERAL_NULL_CONVERSION = YES;
				CLANG_WARN_OBJC_IMPLICIT_RETAIN_SELF = YES;
				CLANG_WARN_OBJC_LITERAL_CONVERSION = YES;
				CLANG_WARN_OBJC_ROOT_CLASS = YES_ERROR;
				CLANG_WARN_QUOTED_INCLUDE_IN_FRAMEWORK_HEADER = YES;
				CLANG_WARN_RANGE_LOOP_ANALYSIS = YES;
				CLANG_WARN_STRICT_PROTOTYPES = YES;
				CLANG_WARN_SUSPICIOUS_MOVE = YES;
				CLANG_WARN_UNGUARDED_AVAILABILITY = YES_AGGRESSIVE;
				CLANG_WARN_UNREACHABLE_CODE = YES;
				CLANG_WARN__DUPLICATE_METHOD_MATCH = YES;
				COPY_PHASE_STRIP = NO;
				DEBUG_INFORMATION_FORMAT = "dwarf-with-dsym";
				ENABLE_NS_ASSERTIONS = NO;
				ENABLE_STRICT_OBJC_MSGSEND = YES;
				GCC_C_LANGUAGE_STANDARD = gnu11;
				GCC_NO_COMMON_BLOCKS = YES;
				GCC_WARN_64_TO_32_BIT_CONVERSION = YES;
				GCC_WARN_ABOUT_RETURN_TYPE = YES_ERROR;
				GCC_WARN_UNDECLARED_SELECTOR = YES;
				GCC_WARN_UNINITIALIZED_AUTOS = YES_AGGRESSIVE;
				GCC_WARN_UNUSED_FUNCTION = YES;
				GCC_WARN_UNUSED_VARIABLE = YES;
				IPHONEOS_DEPLOYMENT_TARGET = 15.5;
				MTL_ENABLE_DEBUG_INFO = NO;
				MTL_FAST_MATH = YES;
				SDKROOT = iphoneos;
				SWIFT_COMPILATION_MODE = wholemodule;
				SWIFT_OPTIMIZATION_LEVEL = "-O";
				VALIDATE_PRODUCT = YES;
			};
			name = Release;
		};
		4F2809C528B3C93C007E734D /* Debug */ = {
			isa = XCBuildConfiguration;
			buildSettings = {
				ASSETCATALOG_COMPILER_APPICON_NAME = AppIcon;
				ASSETCATALOG_COMPILER_GLOBAL_ACCENT_COLOR_NAME = AccentColor;
				CODE_SIGN_STYLE = Automatic;
				CURRENT_PROJECT_VERSION = 1;
				DEVELOPMENT_ASSET_PATHS = "\"CatDex/Preview Content\"";
				DEVELOPMENT_TEAM = PPSYB39C6H;
				ENABLE_PREVIEWS = YES;
				GENERATE_INFOPLIST_FILE = YES;
				INFOPLIST_KEY_UIApplicationSceneManifest_Generation = YES;
				INFOPLIST_KEY_UIApplicationSupportsIndirectInputEvents = YES;
				INFOPLIST_KEY_UILaunchScreen_Generation = YES;
				INFOPLIST_KEY_UISupportedInterfaceOrientations_iPad = "UIInterfaceOrientationPortrait UIInterfaceOrientationPortraitUpsideDown UIInterfaceOrientationLandscapeLeft UIInterfaceOrientationLandscapeRight";
				INFOPLIST_KEY_UISupportedInterfaceOrientations_iPhone = "UIInterfaceOrientationPortrait UIInterfaceOrientationLandscapeLeft UIInterfaceOrientationLandscapeRight";
				LD_RUNPATH_SEARCH_PATHS = (
					"$(inherited)",
					"@executable_path/Frameworks",
				);
				MARKETING_VERSION = 1.0;
				PRODUCT_BUNDLE_IDENTIFIER = progamming.CatDex;
				PRODUCT_NAME = "$(TARGET_NAME)";
				SWIFT_EMIT_LOC_STRINGS = YES;
				SWIFT_VERSION = 5.0;
				TARGETED_DEVICE_FAMILY = "1,2";
			};
			name = Debug;
		};
		4F2809C628B3C93C007E734D /* Release */ = {
			isa = XCBuildConfiguration;
			buildSettings = {
				ASSETCATALOG_COMPILER_APPICON_NAME = AppIcon;
				ASSETCATALOG_COMPILER_GLOBAL_ACCENT_COLOR_NAME = AccentColor;
				CODE_SIGN_STYLE = Automatic;
				CURRENT_PROJECT_VERSION = 1;
				DEVELOPMENT_ASSET_PATHS = "\"CatDex/Preview Content\"";
				DEVELOPMENT_TEAM = PPSYB39C6H;
				ENABLE_PREVIEWS = YES;
				GENERATE_INFOPLIST_FILE = YES;
				INFOPLIST_KEY_UIApplicationSceneManifest_Generation = YES;
				INFOPLIST_KEY_UIApplicationSupportsIndirectInputEvents = YES;
				INFOPLIST_KEY_UILaunchScreen_Generation = YES;
				INFOPLIST_KEY_UISupportedInterfaceOrientations_iPad = "UIInterfaceOrientationPortrait UIInterfaceOrientationPortraitUpsideDown UIInterfaceOrientationLandscapeLeft UIInterfaceOrientationLandscapeRight";
				INFOPLIST_KEY_UISupportedInterfaceOrientations_iPhone = "UIInterfaceOrientationPortrait UIInterfaceOrientationLandscapeLeft UIInterfaceOrientationLandscapeRight";
				LD_RUNPATH_SEARCH_PATHS = (
					"$(inherited)",
					"@executable_path/Frameworks",
				);
				MARKETING_VERSION = 1.0;
				PRODUCT_BUNDLE_IDENTIFIER = progamming.CatDex;
				PRODUCT_NAME = "$(TARGET_NAME)";
				SWIFT_EMIT_LOC_STRINGS = YES;
				SWIFT_VERSION = 5.0;
				TARGETED_DEVICE_FAMILY = "1,2";
			};
			name = Release;
		};
		4F2809C828B3C93C007E734D /* Debug */ = {
			isa = XCBuildConfiguration;
			buildSettings = {
				ALWAYS_EMBED_SWIFT_STANDARD_LIBRARIES = YES;
				BUNDLE_LOADER = "$(TEST_HOST)";
				CODE_SIGN_STYLE = Automatic;
				CURRENT_PROJECT_VERSION = 1;
				DEVELOPMENT_TEAM = PPSYB39C6H;
				GENERATE_INFOPLIST_FILE = YES;
				IPHONEOS_DEPLOYMENT_TARGET = 15.5;
				MARKETING_VERSION = 1.0;
				PRODUCT_BUNDLE_IDENTIFIER = progamming.CatDexTests;
				PRODUCT_NAME = "$(TARGET_NAME)";
				SWIFT_EMIT_LOC_STRINGS = NO;
				SWIFT_VERSION = 5.0;
				TARGETED_DEVICE_FAMILY = "1,2";
				TEST_HOST = "$(BUILT_PRODUCTS_DIR)/CatDex.app/CatDex";
			};
			name = Debug;
		};
		4F2809C928B3C93C007E734D /* Release */ = {
			isa = XCBuildConfiguration;
			buildSettings = {
				ALWAYS_EMBED_SWIFT_STANDARD_LIBRARIES = YES;
				BUNDLE_LOADER = "$(TEST_HOST)";
				CODE_SIGN_STYLE = Automatic;
				CURRENT_PROJECT_VERSION = 1;
				DEVELOPMENT_TEAM = PPSYB39C6H;
				GENERATE_INFOPLIST_FILE = YES;
				IPHONEOS_DEPLOYMENT_TARGET = 15.5;
				MARKETING_VERSION = 1.0;
				PRODUCT_BUNDLE_IDENTIFIER = progamming.CatDexTests;
				PRODUCT_NAME = "$(TARGET_NAME)";
				SWIFT_EMIT_LOC_STRINGS = NO;
				SWIFT_VERSION = 5.0;
				TARGETED_DEVICE_FAMILY = "1,2";
				TEST_HOST = "$(BUILT_PRODUCTS_DIR)/CatDex.app/CatDex";
			};
			name = Release;
		};
		4F2809CB28B3C93C007E734D /* Debug */ = {
			isa = XCBuildConfiguration;
			buildSettings = {
				ALWAYS_EMBED_SWIFT_STANDARD_LIBRARIES = YES;
				CODE_SIGN_STYLE = Automatic;
				CURRENT_PROJECT_VERSION = 1;
				DEVELOPMENT_TEAM = PPSYB39C6H;
				GENERATE_INFOPLIST_FILE = YES;
				MARKETING_VERSION = 1.0;
				PRODUCT_BUNDLE_IDENTIFIER = progamming.CatDexUITests;
				PRODUCT_NAME = "$(TARGET_NAME)";
				SWIFT_EMIT_LOC_STRINGS = NO;
				SWIFT_VERSION = 5.0;
				TARGETED_DEVICE_FAMILY = "1,2";
				TEST_TARGET_NAME = CatDex;
			};
			name = Debug;
		};
		4F2809CC28B3C93C007E734D /* Release */ = {
			isa = XCBuildConfiguration;
			buildSettings = {
				ALWAYS_EMBED_SWIFT_STANDARD_LIBRARIES = YES;
				CODE_SIGN_STYLE = Automatic;
				CURRENT_PROJECT_VERSION = 1;
				DEVELOPMENT_TEAM = PPSYB39C6H;
				GENERATE_INFOPLIST_FILE = YES;
				MARKETING_VERSION = 1.0;
				PRODUCT_BUNDLE_IDENTIFIER = progamming.CatDexUITests;
				PRODUCT_NAME = "$(TARGET_NAME)";
				SWIFT_EMIT_LOC_STRINGS = NO;
				SWIFT_VERSION = 5.0;
				TARGETED_DEVICE_FAMILY = "1,2";
				TEST_TARGET_NAME = CatDex;
			};
			name = Release;
		};
/* End XCBuildConfiguration section */

/* Begin XCConfigurationList section */
		4F28099B28B3C938007E734D /* Build configuration list for PBXProject "CatDex" */ = {
			isa = XCConfigurationList;
			buildConfigurations = (
				4F2809C228B3C93C007E734D /* Debug */,
				4F2809C328B3C93C007E734D /* Release */,
			);
			defaultConfigurationIsVisible = 0;
			defaultConfigurationName = Release;
		};
		4F2809C428B3C93C007E734D /* Build configuration list for PBXNativeTarget "CatDex" */ = {
			isa = XCConfigurationList;
			buildConfigurations = (
				4F2809C528B3C93C007E734D /* Debug */,
				4F2809C628B3C93C007E734D /* Release */,
			);
			defaultConfigurationIsVisible = 0;
			defaultConfigurationName = Release;
		};
		4F2809C728B3C93C007E734D /* Build configuration list for PBXNativeTarget "CatDexTests" */ = {
			isa = XCConfigurationList;
			buildConfigurations = (
				4F2809C828B3C93C007E734D /* Debug */,
				4F2809C928B3C93C007E734D /* Release */,
			);
			defaultConfigurationIsVisible = 0;
			defaultConfigurationName = Release;
		};
		4F2809CA28B3C93C007E734D /* Build configuration list for PBXNativeTarget "CatDexUITests" */ = {
			isa = XCConfigurationList;
			buildConfigurations = (
				4F2809CB28B3C93C007E734D /* Debug */,
				4F2809CC28B3C93C007E734D /* Release */,
			);
			defaultConfigurationIsVisible = 0;
			defaultConfigurationName = Release;
		};
/* End XCConfigurationList section */
	};
	rootObject = 4F28099828B3C938007E734D /* Project object */;
}
